// !$*UTF8*$!
{
	archiveVersion = 1;
	classes = {
	};
	objectVersion = 56;
	objects = {

/* Begin PBXBuildFile section */
		5B2048302B6D1A7400AD6282 /* ConverterAppApp.swift in Sources */ = {isa = PBXBuildFile; fileRef = 5B20482F2B6D1A7400AD6282 /* ConverterAppApp.swift */; };
		5B2048322B6D1A7400AD6282 /* ContentView.swift in Sources */ = {isa = PBXBuildFile; fileRef = 5B2048312B6D1A7400AD6282 /* ContentView.swift */; };
		5B2048342B6D1A7400AD6282 /* Item.swift in Sources */ = {isa = PBXBuildFile; fileRef = 5B2048332B6D1A7400AD6282 /* Item.swift */; };
		5B2048362B6D1A7600AD6282 /* Assets.xcassets in Resources */ = {isa = PBXBuildFile; fileRef = 5B2048352B6D1A7600AD6282 /* Assets.xcassets */; };
		5B2048392B6D1A7600AD6282 /* Preview Assets.xcassets in Resources */ = {isa = PBXBuildFile; fileRef = 5B2048382B6D1A7600AD6282 /* Preview Assets.xcassets */; };
		5B2048432B6D1A7600AD6282 /* ConverterAppTests.swift in Sources */ = {isa = PBXBuildFile; fileRef = 5B2048422B6D1A7600AD6282 /* ConverterAppTests.swift */; };
		5B20484D2B6D1A7600AD6282 /* ConverterAppUITests.swift in Sources */ = {isa = PBXBuildFile; fileRef = 5B20484C2B6D1A7600AD6282 /* ConverterAppUITests.swift */; };
		5B20484F2B6D1A7600AD6282 /* ConverterAppUITestsLaunchTests.swift in Sources */ = {isa = PBXBuildFile; fileRef = 5B20484E2B6D1A7600AD6282 /* ConverterAppUITestsLaunchTests.swift */; };
/* End PBXBuildFile section */

/* Begin PBXContainerItemProxy section */
		5B20483F2B6D1A7600AD6282 /* PBXContainerItemProxy */ = {
			isa = PBXContainerItemProxy;
			containerPortal = 5B2048242B6D1A7400AD6282 /* Project object */;
			proxyType = 1;
			remoteGlobalIDString = 5B20482B2B6D1A7400AD6282;
			remoteInfo = ConverterApp;
		};
		5B2048492B6D1A7600AD6282 /* PBXContainerItemProxy */ = {
			isa = PBXContainerItemProxy;
			containerPortal = 5B2048242B6D1A7400AD6282 /* Project object */;
			proxyType = 1;
			remoteGlobalIDString = 5B20482B2B6D1A7400AD6282;
			remoteInfo = ConverterApp;
		};
/* End PBXContainerItemProxy section */

/* Begin PBXFileReference section */
		5B20482C2B6D1A7400AD6282 /* ConverterApp.app */ = {isa = PBXFileReference; explicitFileType = wrapper.application; includeInIndex = 0; path = ConverterApp.app; sourceTree = BUILT_PRODUCTS_DIR; };
		5B20482F2B6D1A7400AD6282 /* ConverterAppApp.swift */ = {isa = PBXFileReference; lastKnownFileType = sourcecode.swift; path = ConverterAppApp.swift; sourceTree = "<group>"; };
		5B2048312B6D1A7400AD6282 /* ContentView.swift */ = {isa = PBXFileReference; lastKnownFileType = sourcecode.swift; path = ContentView.swift; sourceTree = "<group>"; };
		5B2048332B6D1A7400AD6282 /* Item.swift */ = {isa = PBXFileReference; lastKnownFileType = sourcecode.swift; path = Item.swift; sourceTree = "<group>"; };
		5B2048352B6D1A7600AD6282 /* Assets.xcassets */ = {isa = PBXFileReference; lastKnownFileType = folder.assetcatalog; path = Assets.xcassets; sourceTree = "<group>"; };
		5B2048382B6D1A7600AD6282 /* Preview Assets.xcassets */ = {isa = PBXFileReference; lastKnownFileType = folder.assetcatalog; path = "Preview Assets.xcassets"; sourceTree = "<group>"; };
		5B20483E2B6D1A7600AD6282 /* ConverterAppTests.xctest */ = {isa = PBXFileReference; explicitFileType = wrapper.cfbundle; includeInIndex = 0; path = ConverterAppTests.xctest; sourceTree = BUILT_PRODUCTS_DIR; };
		5B2048422B6D1A7600AD6282 /* ConverterAppTests.swift */ = {isa = PBXFileReference; lastKnownFileType = sourcecode.swift; path = ConverterAppTests.swift; sourceTree = "<group>"; };
		5B2048482B6D1A7600AD6282 /* ConverterAppUITests.xctest */ = {isa = PBXFileReference; explicitFileType = wrapper.cfbundle; includeInIndex = 0; path = ConverterAppUITests.xctest; sourceTree = BUILT_PRODUCTS_DIR; };
		5B20484C2B6D1A7600AD6282 /* ConverterAppUITests.swift */ = {isa = PBXFileReference; lastKnownFileType = sourcecode.swift; path = ConverterAppUITests.swift; sourceTree = "<group>"; };
		5B20484E2B6D1A7600AD6282 /* ConverterAppUITestsLaunchTests.swift */ = {isa = PBXFileReference; lastKnownFileType = sourcecode.swift; path = ConverterAppUITestsLaunchTests.swift; sourceTree = "<group>"; };
/* End PBXFileReference section */

/* Begin PBXFrameworksBuildPhase section */
		5B2048292B6D1A7400AD6282 /* Frameworks */ = {
			isa = PBXFrameworksBuildPhase;
			buildActionMask = 2147483647;
			files = (
			);
			runOnlyForDeploymentPostprocessing = 0;
		};
		5B20483B2B6D1A7600AD6282 /* Frameworks */ = {
			isa = PBXFrameworksBuildPhase;
			buildActionMask = 2147483647;
			files = (
			);
			runOnlyForDeploymentPostprocessing = 0;
		};
		5B2048452B6D1A7600AD6282 /* Frameworks */ = {
			isa = PBXFrameworksBuildPhase;
			buildActionMask = 2147483647;
			files = (
			);
			runOnlyForDeploymentPostprocessing = 0;
		};
/* End PBXFrameworksBuildPhase section */

/* Begin PBXGroup section */
		5B2048232B6D1A7400AD6282 = {
			isa = PBXGroup;
			children = (
				5B20482E2B6D1A7400AD6282 /* ConverterApp */,
				5B2048412B6D1A7600AD6282 /* ConverterAppTests */,
				5B20484B2B6D1A7600AD6282 /* ConverterAppUITests */,
				5B20482D2B6D1A7400AD6282 /* Products */,
			);
			sourceTree = "<group>";
		};
		5B20482D2B6D1A7400AD6282 /* Products */ = {
			isa = PBXGroup;
			children = (
				5B20482C2B6D1A7400AD6282 /* ConverterApp.app */,
				5B20483E2B6D1A7600AD6282 /* ConverterAppTests.xctest */,
				5B2048482B6D1A7600AD6282 /* ConverterAppUITests.xctest */,
			);
			name = Products;
			sourceTree = "<group>";
		};
		5B20482E2B6D1A7400AD6282 /* ConverterApp */ = {
			isa = PBXGroup;
			children = (
				5B20482F2B6D1A7400AD6282 /* ConverterAppApp.swift */,
				5B2048312B6D1A7400AD6282 /* ContentView.swift */,
				5B2048332B6D1A7400AD6282 /* Item.swift */,
				5B2048352B6D1A7600AD6282 /* Assets.xcassets */,
				5B2048372B6D1A7600AD6282 /* Preview Content */,
			);
			path = ConverterApp;
			sourceTree = "<group>";
		};
		5B2048372B6D1A7600AD6282 /* Preview Content */ = {
			isa = PBXGroup;
			children = (
				5B2048382B6D1A7600AD6282 /* Preview Assets.xcassets */,
			);
			path = "Preview Content";
			sourceTree = "<group>";
		};
		5B2048412B6D1A7600AD6282 /* ConverterAppTests */ = {
			isa = PBXGroup;
			children = (
				5B2048422B6D1A7600AD6282 /* ConverterAppTests.swift */,
			);
			path = ConverterAppTests;
			sourceTree = "<group>";
		};
		5B20484B2B6D1A7600AD6282 /* ConverterAppUITests */ = {
			isa = PBXGroup;
			children = (
				5B20484C2B6D1A7600AD6282 /* ConverterAppUITests.swift */,
				5B20484E2B6D1A7600AD6282 /* ConverterAppUITestsLaunchTests.swift */,
			);
			path = ConverterAppUITests;
			sourceTree = "<group>";
		};
/* End PBXGroup section */

/* Begin PBXNativeTarget section */
		5B20482B2B6D1A7400AD6282 /* ConverterApp */ = {
			isa = PBXNativeTarget;
			buildConfigurationList = 5B2048522B6D1A7600AD6282 /* Build configuration list for PBXNativeTarget "ConverterApp" */;
			buildPhases = (
				5B2048282B6D1A7400AD6282 /* Sources */,
				5B2048292B6D1A7400AD6282 /* Frameworks */,
				5B20482A2B6D1A7400AD6282 /* Resources */,
			);
			buildRules = (
			);
			dependencies = (
			);
			name = ConverterApp;
			productName = ConverterApp;
			productReference = 5B20482C2B6D1A7400AD6282 /* ConverterApp.app */;
			productType = "com.apple.product-type.application";
		};
		5B20483D2B6D1A7600AD6282 /* ConverterAppTests */ = {
			isa = PBXNativeTarget;
			buildConfigurationList = 5B2048552B6D1A7600AD6282 /* Build configuration list for PBXNativeTarget "ConverterAppTests" */;
			buildPhases = (
				5B20483A2B6D1A7600AD6282 /* Sources */,
				5B20483B2B6D1A7600AD6282 /* Frameworks */,
				5B20483C2B6D1A7600AD6282 /* Resources */,
			);
			buildRules = (
			);
			dependencies = (
				5B2048402B6D1A7600AD6282 /* PBXTargetDependency */,
			);
			name = ConverterAppTests;
			productName = ConverterAppTests;
			productReference = 5B20483E2B6D1A7600AD6282 /* ConverterAppTests.xctest */;
			productType = "com.apple.product-type.bundle.unit-test";
		};
		5B2048472B6D1A7600AD6282 /* ConverterAppUITests */ = {
			isa = PBXNativeTarget;
			buildConfigurationList = 5B2048582B6D1A7600AD6282 /* Build configuration list for PBXNativeTarget "ConverterAppUITests" */;
			buildPhases = (
				5B2048442B6D1A7600AD6282 /* Sources */,
				5B2048452B6D1A7600AD6282 /* Frameworks */,
				5B2048462B6D1A7600AD6282 /* Resources */,
			);
			buildRules = (
			);
			dependencies = (
				5B20484A2B6D1A7600AD6282 /* PBXTargetDependency */,
			);
			name = ConverterAppUITests;
			productName = ConverterAppUITests;
			productReference = 5B2048482B6D1A7600AD6282 /* ConverterAppUITests.xctest */;
			productType = "com.apple.product-type.bundle.ui-testing";
		};
/* End PBXNativeTarget section */

/* Begin PBXProject section */
		5B2048242B6D1A7400AD6282 /* Project object */ = {
			isa = PBXProject;
			attributes = {
				BuildIndependentTargetsInParallel = 1;
				LastSwiftUpdateCheck = 1520;
				LastUpgradeCheck = 1520;
				TargetAttributes = {
					5B20482B2B6D1A7400AD6282 = {
						CreatedOnToolsVersion = 15.2;
					};
					5B20483D2B6D1A7600AD6282 = {
						CreatedOnToolsVersion = 15.2;
						TestTargetID = 5B20482B2B6D1A7400AD6282;
					};
					5B2048472B6D1A7600AD6282 = {
						CreatedOnToolsVersion = 15.2;
						TestTargetID = 5B20482B2B6D1A7400AD6282;
					};
				};
			};
			buildConfigurationList = 5B2048272B6D1A7400AD6282 /* Build configuration list for PBXProject "ConverterApp" */;
			compatibilityVersion = "Xcode 14.0";
			developmentRegion = en;
			hasScannedForEncodings = 0;
			knownRegions = (
				en,
				Base,
			);
			mainGroup = 5B2048232B6D1A7400AD6282;
			productRefGroup = 5B20482D2B6D1A7400AD6282 /* Products */;
			projectDirPath = "";
			projectRoot = "";
			targets = (
				5B20482B2B6D1A7400AD6282 /* ConverterApp */,
				5B20483D2B6D1A7600AD6282 /* ConverterAppTests */,
				5B2048472B6D1A7600AD6282 /* ConverterAppUITests */,
			);
		};
/* End PBXProject section */

/* Begin PBXResourcesBuildPhase section */
		5B20482A2B6D1A7400AD6282 /* Resources */ = {
			isa = PBXResourcesBuildPhase;
			buildActionMask = 2147483647;
			files = (
				5B2048392B6D1A7600AD6282 /* Preview Assets.xcassets in Resources */,
				5B2048362B6D1A7600AD6282 /* Assets.xcassets in Resources */,
			);
			runOnlyForDeploymentPostprocessing = 0;
		};
		5B20483C2B6D1A7600AD6282 /* Resources */ = {
			isa = PBXResourcesBuildPhase;
			buildActionMask = 2147483647;
			files = (
			);
			runOnlyForDeploymentPostprocessing = 0;
		};
		5B2048462B6D1A7600AD6282 /* Resources */ = {
			isa = PBXResourcesBuildPhase;
			buildActionMask = 2147483647;
			files = (
			);
			runOnlyForDeploymentPostprocessing = 0;
		};
/* End PBXResourcesBuildPhase section */

/* Begin PBXSourcesBuildPhase section */
		5B2048282B6D1A7400AD6282 /* Sources */ = {
			isa = PBXSourcesBuildPhase;
			buildActionMask = 2147483647;
			files = (
				5B2048322B6D1A7400AD6282 /* ContentView.swift in Sources */,
				5B2048342B6D1A7400AD6282 /* Item.swift in Sources */,
				5B2048302B6D1A7400AD6282 /* ConverterAppApp.swift in Sources */,
			);
			runOnlyForDeploymentPostprocessing = 0;
		};
		5B20483A2B6D1A7600AD6282 /* Sources */ = {
			isa = PBXSourcesBuildPhase;
			buildActionMask = 2147483647;
			files = (
				5B2048432B6D1A7600AD6282 /* ConverterAppTests.swift in Sources */,
			);
			runOnlyForDeploymentPostprocessing = 0;
		};
		5B2048442B6D1A7600AD6282 /* Sources */ = {
			isa = PBXSourcesBuildPhase;
			buildActionMask = 2147483647;
			files = (
				5B20484D2B6D1A7600AD6282 /* ConverterAppUITests.swift in Sources */,
				5B20484F2B6D1A7600AD6282 /* ConverterAppUITestsLaunchTests.swift in Sources */,
			);
			runOnlyForDeploymentPostprocessing = 0;
		};
/* End PBXSourcesBuildPhase section */

/* Begin PBXTargetDependency section */
		5B2048402B6D1A7600AD6282 /* PBXTargetDependency */ = {
			isa = PBXTargetDependency;
			target = 5B20482B2B6D1A7400AD6282 /* ConverterApp */;
			targetProxy = 5B20483F2B6D1A7600AD6282 /* PBXContainerItemProxy */;
		};
		5B20484A2B6D1A7600AD6282 /* PBXTargetDependency */ = {
			isa = PBXTargetDependency;
			target = 5B20482B2B6D1A7400AD6282 /* ConverterApp */;
			targetProxy = 5B2048492B6D1A7600AD6282 /* PBXContainerItemProxy */;
		};
/* End PBXTargetDependency section */

/* Begin XCBuildConfiguration section */
		5B2048502B6D1A7600AD6282 /* Debug */ = {
			isa = XCBuildConfiguration;
			buildSettings = {
				ALWAYS_SEARCH_USER_PATHS = NO;
				ASSETCATALOG_COMPILER_GENERATE_SWIFT_ASSET_SYMBOL_EXTENSIONS = YES;
				CLANG_ANALYZER_NONNULL = YES;
				CLANG_ANALYZER_NUMBER_OBJECT_CONVERSION = YES_AGGRESSIVE;
				CLANG_CXX_LANGUAGE_STANDARD = "gnu++20";
				CLANG_ENABLE_MODULES = YES;
				CLANG_ENABLE_OBJC_ARC = YES;
				CLANG_ENABLE_OBJC_WEAK = YES;
				CLANG_WARN_BLOCK_CAPTURE_AUTORELEASING = YES;
				CLANG_WARN_BOOL_CONVERSION = YES;
				CLANG_WARN_COMMA = YES;
				CLANG_WARN_CONSTANT_CONVERSION = YES;
				CLANG_WARN_DEPRECATED_OBJC_IMPLEMENTATIONS = YES;
				CLANG_WARN_DIRECT_OBJC_ISA_USAGE = YES_ERROR;
				CLANG_WARN_DOCUMENTATION_COMMENTS = YES;
				CLANG_WARN_EMPTY_BODY = YES;
				CLANG_WARN_ENUM_CONVERSION = YES;
				CLANG_WARN_INFINITE_RECURSION = YES;
				CLANG_WARN_INT_CONVERSION = YES;
				CLANG_WARN_NON_LITERAL_NULL_CONVERSION = YES;
				CLANG_WARN_OBJC_IMPLICIT_RETAIN_SELF = YES;
				CLANG_WARN_OBJC_LITERAL_CONVERSION = YES;
				CLANG_WARN_OBJC_ROOT_CLASS = YES_ERROR;
				CLANG_WARN_QUOTED_INCLUDE_IN_FRAMEWORK_HEADER = YES;
				CLANG_WARN_RANGE_LOOP_ANALYSIS = YES;
				CLANG_WARN_STRICT_PROTOTYPES = YES;
				CLANG_WARN_SUSPICIOUS_MOVE = YES;
				CLANG_WARN_UNGUARDED_AVAILABILITY = YES_AGGRESSIVE;
				CLANG_WARN_UNREACHABLE_CODE = YES;
				CLANG_WARN__DUPLICATE_METHOD_MATCH = YES;
				COPY_PHASE_STRIP = NO;
				DEBUG_INFORMATION_FORMAT = dwarf;
				ENABLE_STRICT_OBJC_MSGSEND = YES;
				ENABLE_TESTABILITY = YES;
				ENABLE_USER_SCRIPT_SANDBOXING = YES;
				GCC_C_LANGUAGE_STANDARD = gnu17;
				GCC_DYNAMIC_NO_PIC = NO;
				GCC_NO_COMMON_BLOCKS = YES;
				GCC_OPTIMIZATION_LEVEL = 0;
				GCC_PREPROCESSOR_DEFINITIONS = (
					"DEBUG=1",
					"$(inherited)",
				);
				GCC_WARN_64_TO_32_BIT_CONVERSION = YES;
				GCC_WARN_ABOUT_RETURN_TYPE = YES_ERROR;
				GCC_WARN_UNDECLARED_SELECTOR = YES;
				GCC_WARN_UNINITIALIZED_AUTOS = YES_AGGRESSIVE;
				GCC_WARN_UNUSED_FUNCTION = YES;
				GCC_WARN_UNUSED_VARIABLE = YES;
				IPHONEOS_DEPLOYMENT_TARGET = 17.2;
				LOCALIZATION_PREFERS_STRING_CATALOGS = YES;
				MTL_ENABLE_DEBUG_INFO = INCLUDE_SOURCE;
				MTL_FAST_MATH = YES;
				ONLY_ACTIVE_ARCH = YES;
				SDKROOT = iphoneos;
				SWIFT_ACTIVE_COMPILATION_CONDITIONS = "DEBUG $(inherited)";
				SWIFT_OPTIMIZATION_LEVEL = "-Onone";
			};
			name = Debug;
		};
		5B2048512B6D1A7600AD6282 /* Release */ = {
			isa = XCBuildConfiguration;
			buildSettings = {
				ALWAYS_SEARCH_USER_PATHS = NO;
				ASSETCATALOG_COMPILER_GENERATE_SWIFT_ASSET_SYMBOL_EXTENSIONS = YES;
				CLANG_ANALYZER_NONNULL = YES;
				CLANG_ANALYZER_NUMBER_OBJECT_CONVERSION = YES_AGGRESSIVE;
				CLANG_CXX_LANGUAGE_STANDARD = "gnu++20";
				CLANG_ENABLE_MODULES = YES;
				CLANG_ENABLE_OBJC_ARC = YES;
				CLANG_ENABLE_OBJC_WEAK = YES;
				CLANG_WARN_BLOCK_CAPTURE_AUTORELEASING = YES;
				CLANG_WARN_BOOL_CONVERSION = YES;
				CLANG_WARN_COMMA = YES;
				CLANG_WARN_CONSTANT_CONVERSION = YES;
				CLANG_WARN_DEPRECATED_OBJC_IMPLEMENTATIONS = YES;
				CLANG_WARN_DIRECT_OBJC_ISA_USAGE = YES_ERROR;
				CLANG_WARN_DOCUMENTATION_COMMENTS = YES;
				CLANG_WARN_EMPTY_BODY = YES;
				CLANG_WARN_ENUM_CONVERSION = YES;
				CLANG_WARN_INFINITE_RECURSION = YES;
				CLANG_WARN_INT_CONVERSION = YES;
				CLANG_WARN_NON_LITERAL_NULL_CONVERSION = YES;
				CLANG_WARN_OBJC_IMPLICIT_RETAIN_SELF = YES;
				CLANG_WARN_OBJC_LITERAL_CONVERSION = YES;
				CLANG_WARN_OBJC_ROOT_CLASS = YES_ERROR;
				CLANG_WARN_QUOTED_INCLUDE_IN_FRAMEWORK_HEADER = YES;
				CLANG_WARN_RANGE_LOOP_ANALYSIS = YES;
				CLANG_WARN_STRICT_PROTOTYPES = YES;
				CLANG_WARN_SUSPICIOUS_MOVE = YES;
				CLANG_WARN_UNGUARDED_AVAILABILITY = YES_AGGRESSIVE;
				CLANG_WARN_UNREACHABLE_CODE = YES;
				CLANG_WARN__DUPLICATE_METHOD_MATCH = YES;
				COPY_PHASE_STRIP = NO;
				DEBUG_INFORMATION_FORMAT = "dwarf-with-dsym";
				ENABLE_NS_ASSERTIONS = NO;
				ENABLE_STRICT_OBJC_MSGSEND = YES;
				ENABLE_USER_SCRIPT_SANDBOXING = YES;
				GCC_C_LANGUAGE_STANDARD = gnu17;
				GCC_NO_COMMON_BLOCKS = YES;
				GCC_WARN_64_TO_32_BIT_CONVERSION = YES;
				GCC_WARN_ABOUT_RETURN_TYPE = YES_ERROR;
				GCC_WARN_UNDECLARED_SELECTOR = YES;
				GCC_WARN_UNINITIALIZED_AUTOS = YES_AGGRESSIVE;
				GCC_WARN_UNUSED_FUNCTION = YES;
				GCC_WARN_UNUSED_VARIABLE = YES;
				IPHONEOS_DEPLOYMENT_TARGET = 17.2;
				LOCALIZATION_PREFERS_STRING_CATALOGS = YES;
				MTL_ENABLE_DEBUG_INFO = NO;
				MTL_FAST_MATH = YES;
				SDKROOT = iphoneos;
				SWIFT_COMPILATION_MODE = wholemodule;
				VALIDATE_PRODUCT = YES;
			};
			name = Release;
		};
		5B2048532B6D1A7600AD6282 /* Debug */ = {
			isa = XCBuildConfiguration;
			buildSettings = {
				ASSETCATALOG_COMPILER_APPICON_NAME = AppIcon;
				ASSETCATALOG_COMPILER_GLOBAL_ACCENT_COLOR_NAME = AccentColor;
				CODE_SIGN_STYLE = Automatic;
				CURRENT_PROJECT_VERSION = 1;
				DEVELOPMENT_ASSET_PATHS = "\"ConverterApp/Preview Content\"";
				DEVELOPMENT_TEAM = 4P26N9HV6K;
				ENABLE_PREVIEWS = YES;
				GENERATE_INFOPLIST_FILE = YES;
				INFOPLIST_KEY_UIApplicationSceneManifest_Generation = YES;
				INFOPLIST_KEY_UIApplicationSupportsIndirectInputEvents = YES;
				INFOPLIST_KEY_UILaunchScreen_Generation = YES;
				INFOPLIST_KEY_UISupportedInterfaceOrientations_iPad = "UIInterfaceOrientationPortrait UIInterfaceOrientationPortraitUpsideDown UIInterfaceOrientationLandscapeLeft UIInterfaceOrientationLandscapeRight";
				INFOPLIST_KEY_UISupportedInterfaceOrientations_iPhone = "UIInterfaceOrientationPortrait UIInterfaceOrientationLandscapeLeft UIInterfaceOrientationLandscapeRight";
				LD_RUNPATH_SEARCH_PATHS = (
					"$(inherited)",
					"@executable_path/Frameworks",
				);
				MARKETING_VERSION = 1.0;
				PRODUCT_BUNDLE_IDENTIFIER = com.pelinaybar.NewsApp.ConverterApp;
				PRODUCT_NAME = "$(TARGET_NAME)";
				SWIFT_EMIT_LOC_STRINGS = YES;
				SWIFT_VERSION = 5.0;
				TARGETED_DEVICE_FAMILY = "1,2";
			};
			name = Debug;
		};
		5B2048542B6D1A7600AD6282 /* Release */ = {
			isa = XCBuildConfiguration;
			buildSettings = {
				ASSETCATALOG_COMPILER_APPICON_NAME = AppIcon;
				ASSETCATALOG_COMPILER_GLOBAL_ACCENT_COLOR_NAME = AccentColor;
				CODE_SIGN_STYLE = Automatic;
				CURRENT_PROJECT_VERSION = 1;
				DEVELOPMENT_ASSET_PATHS = "\"ConverterApp/Preview Content\"";
				DEVELOPMENT_TEAM = 4P26N9HV6K;
				ENABLE_PREVIEWS = YES;
				GENERATE_INFOPLIST_FILE = YES;
				INFOPLIST_KEY_UIApplicationSceneManifest_Generation = YES;
				INFOPLIST_KEY_UIApplicationSupportsIndirectInputEvents = YES;
				INFOPLIST_KEY_UILaunchScreen_Generation = YES;
				INFOPLIST_KEY_UISupportedInterfaceOrientations_iPad = "UIInterfaceOrientationPortrait UIInterfaceOrientationPortraitUpsideDown UIInterfaceOrientationLandscapeLeft UIInterfaceOrientationLandscapeRight";
				INFOPLIST_KEY_UISupportedInterfaceOrientations_iPhone = "UIInterfaceOrientationPortrait UIInterfaceOrientationLandscapeLeft UIInterfaceOrientationLandscapeRight";
				LD_RUNPATH_SEARCH_PATHS = (
					"$(inherited)",
					"@executable_path/Frameworks",
				);
				MARKETING_VERSION = 1.0;
				PRODUCT_BUNDLE_IDENTIFIER = com.pelinaybar.NewsApp.ConverterApp;
				PRODUCT_NAME = "$(TARGET_NAME)";
				SWIFT_EMIT_LOC_STRINGS = YES;
				SWIFT_VERSION = 5.0;
				TARGETED_DEVICE_FAMILY = "1,2";
			};
			name = Release;
		};
		5B2048562B6D1A7600AD6282 /* Debug */ = {
			isa = XCBuildConfiguration;
			buildSettings = {
				ALWAYS_EMBED_SWIFT_STANDARD_LIBRARIES = YES;
				BUNDLE_LOADER = "$(TEST_HOST)";
				CODE_SIGN_STYLE = Automatic;
				CURRENT_PROJECT_VERSION = 1;
				DEVELOPMENT_TEAM = 4P26N9HV6K;
				GENERATE_INFOPLIST_FILE = YES;
				IPHONEOS_DEPLOYMENT_TARGET = 17.2;
				MARKETING_VERSION = 1.0;
				PRODUCT_BUNDLE_IDENTIFIER = com.pelinaybar.NewsApp.ConverterAppTests;
				PRODUCT_NAME = "$(TARGET_NAME)";
				SWIFT_EMIT_LOC_STRINGS = NO;
				SWIFT_VERSION = 5.0;
				TARGETED_DEVICE_FAMILY = "1,2";
				TEST_HOST = "$(BUILT_PRODUCTS_DIR)/ConverterApp.app/$(BUNDLE_EXECUTABLE_FOLDER_PATH)/ConverterApp";
			};
			name = Debug;
		};
		5B2048572B6D1A7600AD6282 /* Release */ = {
			isa = XCBuildConfiguration;
			buildSettings = {
				ALWAYS_EMBED_SWIFT_STANDARD_LIBRARIES = YES;
				BUNDLE_LOADER = "$(TEST_HOST)";
				CODE_SIGN_STYLE = Automatic;
				CURRENT_PROJECT_VERSION = 1;
				DEVELOPMENT_TEAM = 4P26N9HV6K;
				GENERATE_INFOPLIST_FILE = YES;
				IPHONEOS_DEPLOYMENT_TARGET = 17.2;
				MARKETING_VERSION = 1.0;
				PRODUCT_BUNDLE_IDENTIFIER = com.pelinaybar.NewsApp.ConverterAppTests;
				PRODUCT_NAME = "$(TARGET_NAME)";
				SWIFT_EMIT_LOC_STRINGS = NO;
				SWIFT_VERSION = 5.0;
				TARGETED_DEVICE_FAMILY = "1,2";
				TEST_HOST = "$(BUILT_PRODUCTS_DIR)/ConverterApp.app/$(BUNDLE_EXECUTABLE_FOLDER_PATH)/ConverterApp";
			};
			name = Release;
		};
		5B2048592B6D1A7600AD6282 /* Debug */ = {
			isa = XCBuildConfiguration;
			buildSettings = {
				ALWAYS_EMBED_SWIFT_STANDARD_LIBRARIES = YES;
				CODE_SIGN_STYLE = Automatic;
				CURRENT_PROJECT_VERSION = 1;
				DEVELOPMENT_TEAM = 4P26N9HV6K;
				GENERATE_INFOPLIST_FILE = YES;
				MARKETING_VERSION = 1.0;
				PRODUCT_BUNDLE_IDENTIFIER = com.pelinaybar.NewsApp.ConverterAppUITests;
				PRODUCT_NAME = "$(TARGET_NAME)";
				SWIFT_EMIT_LOC_STRINGS = NO;
				SWIFT_VERSION = 5.0;
				TARGETED_DEVICE_FAMILY = "1,2";
				TEST_TARGET_NAME = ConverterApp;
			};
			name = Debug;
		};
		5B20485A2B6D1A7600AD6282 /* Release */ = {
			isa = XCBuildConfiguration;
			buildSettings = {
				ALWAYS_EMBED_SWIFT_STANDARD_LIBRARIES = YES;
				CODE_SIGN_STYLE = Automatic;
				CURRENT_PROJECT_VERSION = 1;
				DEVELOPMENT_TEAM = 4P26N9HV6K;
				GENERATE_INFOPLIST_FILE = YES;
				MARKETING_VERSION = 1.0;
				PRODUCT_BUNDLE_IDENTIFIER = com.pelinaybar.NewsApp.ConverterAppUITests;
				PRODUCT_NAME = "$(TARGET_NAME)";
				SWIFT_EMIT_LOC_STRINGS = NO;
				SWIFT_VERSION = 5.0;
				TARGETED_DEVICE_FAMILY = "1,2";
				TEST_TARGET_NAME = ConverterApp;
			};
			name = Release;
		};
/* End XCBuildConfiguration section */

/* Begin XCConfigurationList section */
		5B2048272B6D1A7400AD6282 /* Build configuration list for PBXProject "ConverterApp" */ = {
			isa = XCConfigurationList;
			buildConfigurations = (
				5B2048502B6D1A7600AD6282 /* Debug */,
				5B2048512B6D1A7600AD6282 /* Release */,
			);
			defaultConfigurationIsVisible = 0;
			defaultConfigurationName = Release;
		};
		5B2048522B6D1A7600AD6282 /* Build configuration list for PBXNativeTarget "ConverterApp" */ = {
			isa = XCConfigurationList;
			buildConfigurations = (
				5B2048532B6D1A7600AD6282 /* Debug */,
				5B2048542B6D1A7600AD6282 /* Release */,
			);
			defaultConfigurationIsVisible = 0;
			defaultConfigurationName = Release;
		};
		5B2048552B6D1A7600AD6282 /* Build configuration list for PBXNativeTarget "ConverterAppTests" */ = {
			isa = XCConfigurationList;
			buildConfigurations = (
				5B2048562B6D1A7600AD6282 /* Debug */,
				5B2048572B6D1A7600AD6282 /* Release */,
			);
			defaultConfigurationIsVisible = 0;
			defaultConfigurationName = Release;
		};
		5B2048582B6D1A7600AD6282 /* Build configuration list for PBXNativeTarget "ConverterAppUITests" */ = {
			isa = XCConfigurationList;
			buildConfigurations = (
				5B2048592B6D1A7600AD6282 /* Debug */,
				5B20485A2B6D1A7600AD6282 /* Release */,
			);
			defaultConfigurationIsVisible = 0;
			defaultConfigurationName = Release;
		};
/* End XCConfigurationList section */
	};
	rootObject = 5B2048242B6D1A7400AD6282 /* Project object */;
}
